// !$*UTF8*$!
{
	archiveVersion = 1;
	classes = {
	};
	objectVersion = 54;
	objects = {

/* Begin PBXBuildFile section */
		00E356F31AD99517003FC87E /* AmazonIVSProjectTests.m in Sources */ = {isa = PBXBuildFile; fileRef = 00E356F21AD99517003FC87E /* AmazonIVSProjectTests.m */; };
		0C80B921A6F3F58F76C31292 /* libPods-AmazonIVSProject.a in Frameworks */ = {isa = PBXBuildFile; fileRef = 5DCACB8F33CDC322A6C60F78 /* libPods-AmazonIVSProject.a */; };
		13B07FBC1A68108700A75B9A /* AppDelegate.mm in Sources */ = {isa = PBXBuildFile; fileRef = 13B07FB01A68108700A75B9A /* AppDelegate.mm */; };
		13B07FBF1A68108700A75B9A /* Images.xcassets in Resources */ = {isa = PBXBuildFile; fileRef = 13B07FB51A68108700A75B9A /* Images.xcassets */; };
		13B07FC11A68108700A75B9A /* main.m in Sources */ = {isa = PBXBuildFile; fileRef = 13B07FB71A68108700A75B9A /* main.m */; };
		58962363DE11F39EF6635D40 /* PrivacyInfo.xcprivacy in Resources */ = {isa = PBXBuildFile; fileRef = 13B07FB81A68108700A75B9A /* PrivacyInfo.xcprivacy */; };
		7699B88040F8A987B510C191 /* libPods-AmazonIVSProject-AmazonIVSProjectTests.a in Frameworks */ = {isa = PBXBuildFile; fileRef = 19F6CBCC0A4E27FBF8BF4A61 /* libPods-AmazonIVSProject-AmazonIVSProjectTests.a */; };
		81AB9BB82411601600AC10FF /* LaunchScreen.storyboard in Resources */ = {isa = PBXBuildFile; fileRef = 81AB9BB72411601600AC10FF /* LaunchScreen.storyboard */; };
		9A42689F2D2561B9003E127C /* BroadcastManagerBridge.m in Sources */ = {isa = PBXBuildFile; fileRef = 9A42689E2D2561B9003E127C /* BroadcastManagerBridge.m */; };
		9A4268A12D2561DE003E127C /* BroadcastManager.swift in Sources */ = {isa = PBXBuildFile; fileRef = 9A4268A02D2561DE003E127C /* BroadcastManager.swift */; };
		9A4268A72D2566D9003E127C /* IVSManager.swift in Sources */ = {isa = PBXBuildFile; fileRef = 9A4268A62D2566D9003E127C /* IVSManager.swift */; };
		9A4268A92D25671D003E127C /* IVSManager.m in Sources */ = {isa = PBXBuildFile; fileRef = 9A4268A82D25671D003E127C /* IVSManager.m */; };
		9A4268AB2D257DBF003E127C /* ServerBridge.m in Sources */ = {isa = PBXBuildFile; fileRef = 9A4268AA2D257DBF003E127C /* ServerBridge.m */; };
		9A4268AD2D257E1E003E127C /* ServerManager.swift in Sources */ = {isa = PBXBuildFile; fileRef = 9A4268AC2D257E1E003E127C /* ServerManager.swift */; };
		9A6B1E222D25517A005A232A /* AmazonIVSPlayerViewManager.m in Sources */ = {isa = PBXBuildFile; fileRef = 9A6B1E212D25517A005A232A /* AmazonIVSPlayerViewManager.m */; };
		9A6B1E252D2551DA005A232A /* AmazonIVSPlayerViewManager.swift in Sources */ = {isa = PBXBuildFile; fileRef = 9A6B1E242D2551DA005A232A /* AmazonIVSPlayerViewManager.swift */; };
		9A8D37FE2D348F6C0014B507 /* StageListManager.swift in Sources */ = {isa = PBXBuildFile; fileRef = 9A8D37FD2D348F6C0014B507 /* StageListManager.swift */; };
		9A9B83D22D2F030800BB0203 /* IVSImagePreviewViewWrapper.swift in Sources */ = {isa = PBXBuildFile; fileRef = 9A9B83D12D2F030800BB0203 /* IVSImagePreviewViewWrapper.swift */; };
		9A9B83D42D2F035A00BB0203 /* Oservable.swift in Sources */ = {isa = PBXBuildFile; fileRef = 9A9B83D32D2F035A00BB0203 /* Oservable.swift */; };
		9A9B83D62D2F03AA00BB0203 /* CustomTextField.swift in Sources */ = {isa = PBXBuildFile; fileRef = 9A9B83D52D2F03AA00BB0203 /* CustomTextField.swift */; };
		9A9B83D82D2F03DA00BB0203 /* ManageParticipantsView.swift in Sources */ = {isa = PBXBuildFile; fileRef = 9A9B83D72D2F03DA00BB0203 /* ManageParticipantsView.swift */; };
		9A9B83DA2D2F040E00BB0203 /* NotificationsView.swift in Sources */ = {isa = PBXBuildFile; fileRef = 9A9B83D92D2F040E00BB0203 /* NotificationsView.swift */; };
		9A9B83DC2D2F043C00BB0203 /* ParticipantsGridView.swift in Sources */ = {isa = PBXBuildFile; fileRef = 9A9B83DB2D2F043C00BB0203 /* ParticipantsGridView.swift */; };
		9A9B83DE2D2F046E00BB0203 /* BottomSheetView.swift in Sources */ = {isa = PBXBuildFile; fileRef = 9A9B83DD2D2F046E00BB0203 /* BottomSheetView.swift */; };
		9A9B83E02D2F057700BB0203 /* SetupView.swift in Sources */ = {isa = PBXBuildFile; fileRef = 9A9B83DF2D2F057700BB0203 /* SetupView.swift */; };
		9A9B83E22D2F059C00BB0203 /* StageListView.swift in Sources */ = {isa = PBXBuildFile; fileRef = 9A9B83E12D2F059C00BB0203 /* StageListView.swift */; };
		9A9B83E42D2F05B500BB0203 /* StageView.swift in Sources */ = {isa = PBXBuildFile; fileRef = 9A9B83E32D2F05B500BB0203 /* StageView.swift */; };
		9A9B83E62D2F060000BB0203 /* Notification.swift in Sources */ = {isa = PBXBuildFile; fileRef = 9A9B83E52D2F060000BB0203 /* Notification.swift */; };
		9A9B83E82D2F062500BB0203 /* ChatTokenRequest.swift in Sources */ = {isa = PBXBuildFile; fileRef = 9A9B83E72D2F062500BB0203 /* ChatTokenRequest.swift */; };
		9A9B83EA2D2F066900BB0203 /* StageViewModel+Extensions.swift in Sources */ = {isa = PBXBuildFile; fileRef = 9A9B83E92D2F066900BB0203 /* StageViewModel+Extensions.swift */; };
		9A9B83EC2D2F070500BB0203 /* Server.swift in Sources */ = {isa = PBXBuildFile; fileRef = 9A9B83EB2D2F070500BB0203 /* Server.swift */; };
		9A9B83EE2D2F0F3800BB0203 /* PermissionManager.swift in Sources */ = {isa = PBXBuildFile; fileRef = 9A9B83ED2D2F0F3800BB0203 /* PermissionManager.swift */; };
		9A9E40492D26624200965431 /* IVSBroadcastManager.swift in Sources */ = {isa = PBXBuildFile; fileRef = 9A9E40482D26624200965431 /* IVSBroadcastManager.swift */; };
		9A9E404B2D2662F300965431 /* IVSBroadcastBridge.swift in Sources */ = {isa = PBXBuildFile; fileRef = 9A9E404A2D2662F300965431 /* IVSBroadcastBridge.swift */; };
		9A9E404D2D26990100965431 /* BroadcastingView.swift in Sources */ = {isa = PBXBuildFile; fileRef = 9A9E404C2D26990100965431 /* BroadcastingView.swift */; };
		9A9E404F2D26994600965431 /* BroadcastingViewManager.swift in Sources */ = {isa = PBXBuildFile; fileRef = 9A9E404E2D26994600965431 /* BroadcastingViewManager.swift */; };
		9A9E40512D26998E00965431 /* BroadcastingViewManager.m in Sources */ = {isa = PBXBuildFile; fileRef = 9A9E40502D26998E00965431 /* BroadcastingViewManager.m */; };
		9A9E40532D26A53500965431 /* BroadcastingViewController.swift in Sources */ = {isa = PBXBuildFile; fileRef = 9A9E40522D26A53500965431 /* BroadcastingViewController.swift */; };
		9A9E40552D26D49C00965431 /* AmazonIVSBroadcastView.swift in Sources */ = {isa = PBXBuildFile; fileRef = 9A9E40542D26D49C00965431 /* AmazonIVSBroadcastView.swift */; };
		9A9E40572D26EB8E00965431 /* AmazonIVSBroadcastViewManager.swift in Sources */ = {isa = PBXBuildFile; fileRef = 9A9E40562D26EB8E00965431 /* AmazonIVSBroadcastViewManager.swift */; };
		9A9E40592D26EBB700965431 /* AmazonIVSBroadcastViewManager.m in Sources */ = {isa = PBXBuildFile; fileRef = 9A9E40582D26EBB700965431 /* AmazonIVSBroadcastViewManager.m */; };
		9A9E405D2D277A6F00965431 /* BroadcastManager.m in Sources */ = {isa = PBXBuildFile; fileRef = 9A9E405C2D277A6F00965431 /* BroadcastManager.m */; };
		9AB421A22D30F9DB003B3F19 /* Assets.xcassets in Resources */ = {isa = PBXBuildFile; fileRef = 9AB421A12D30F9DB003B3F19 /* Assets.xcassets */; };
		9AC7BD812D2D70DA007C25FF /* ServerManagerDelegate.swift in Sources */ = {isa = PBXBuildFile; fileRef = 9AC7BD802D2D70DA007C25FF /* ServerManagerDelegate.swift */; };
		9AC8354D2D2FB0FB009CE6C5 /* WelcomeView.swift in Sources */ = {isa = PBXBuildFile; fileRef = 9AC8354C2D2FB0FB009CE6C5 /* WelcomeView.swift */; };
		9AC907C62D2EC78800E69B2B /* Modifiers.swift in Sources */ = {isa = PBXBuildFile; fileRef = 9AC907C52D2EC78800E69B2B /* Modifiers.swift */; };
		9AC907C82D2EC7B800E69B2B /* View.swift in Sources */ = {isa = PBXBuildFile; fileRef = 9AC907C72D2EC7B800E69B2B /* View.swift */; };
		9AC907CA2D2EC89200E69B2B /* StageLayoutCalculator.swift in Sources */ = {isa = PBXBuildFile; fileRef = 9AC907C92D2EC89200E69B2B /* StageLayoutCalculator.swift */; };
		9AC907CC2D2EC99B00E69B2B /* ActivityIndicator.swift in Sources */ = {isa = PBXBuildFile; fileRef = 9AC907CB2D2EC99B00E69B2B /* ActivityIndicator.swift */; };
		9AC907CE2D2ECA1D00E69B2B /* ChatView.swift in Sources */ = {isa = PBXBuildFile; fileRef = 9AC907CD2D2ECA1D00E69B2B /* ChatView.swift */; };
		9AC907D02D2ECAC500E69B2B /* ChatMessagesView.swift in Sources */ = {isa = PBXBuildFile; fileRef = 9AC907CF2D2ECAC500E69B2B /* ChatMessagesView.swift */; };
		9AD40BB62D2BC78C00C3DA31 /* ServerResponses.swift in Sources */ = {isa = PBXBuildFile; fileRef = 9AD40BB52D2BC78C00C3DA31 /* ServerResponses.swift */; };
		9AD40BB82D2BC89F00C3DA31 /* ParticipantData.swift in Sources */ = {isa = PBXBuildFile; fileRef = 9AD40BB72D2BC89F00C3DA31 /* ParticipantData.swift */; };
		9AD40BBA2D2BC90100C3DA31 /* ParticipantView.swift in Sources */ = {isa = PBXBuildFile; fileRef = 9AD40BB92D2BC90100C3DA31 /* ParticipantView.swift */; };
		9AD40BBC2D2C107800C3DA31 /* CameraView.swift in Sources */ = {isa = PBXBuildFile; fileRef = 9AD40BBB2D2C107800C3DA31 /* CameraView.swift */; };
		9AD40BBE2D2C124B00C3DA31 /* Constants.swift in Sources */ = {isa = PBXBuildFile; fileRef = 9AD40BBD2D2C124B00C3DA31 /* Constants.swift */; };
		9AD40BC02D2C160400C3DA31 /* JoinPreviewView.swift in Sources */ = {isa = PBXBuildFile; fileRef = 9AD40BBF2D2C160400C3DA31 /* JoinPreviewView.swift */; };
		9AD40BC42D2C18EA00C3DA31 /* RemoteImageView.swift in Sources */ = {isa = PBXBuildFile; fileRef = 9AD40BC32D2C18EA00C3DA31 /* RemoteImageView.swift */; };
		9AD40BC62D2C1DCA00C3DA31 /* ControlButtonsDrawer.swift in Sources */ = {isa = PBXBuildFile; fileRef = 9AD40BC52D2C1DCA00C3DA31 /* ControlButtonsDrawer.swift */; };
		9AD6BA562D3EF1360046CFE9 /* BroadcastEventEmitter.swift in Sources */ = {isa = PBXBuildFile; fileRef = 9AD6BA552D3EF1360046CFE9 /* BroadcastEventEmitter.swift */; };
		9AD6BA582D3EF2140046CFE9 /* BroadcastEventEmitter.m in Sources */ = {isa = PBXBuildFile; fileRef = 9AD6BA572D3EF2140046CFE9 /* BroadcastEventEmitter.m */; };
		9AEE15912D2B321900BED7E1 /* ServicesManager.swift in Sources */ = {isa = PBXBuildFile; fileRef = 9AEE15902D2B321900BED7E1 /* ServicesManager.swift */; };
		9AEE15932D2B360100BED7E1 /* User.swift in Sources */ = {isa = PBXBuildFile; fileRef = 9AEE15922D2B360100BED7E1 /* User.swift */; };
		9AEE15952D2B362200BED7E1 /* ChatModel.swift in Sources */ = {isa = PBXBuildFile; fileRef = 9AEE15942D2B362200BED7E1 /* ChatModel.swift */; };
		9AEE15972D2B366900BED7E1 /* StageViewModel.swift in Sources */ = {isa = PBXBuildFile; fileRef = 9AEE15962D2B366900BED7E1 /* StageViewModel.swift */; };
		9AEE159B2D2B389700BED7E1 /* BroadcastDelegate.swift in Sources */ = {isa = PBXBuildFile; fileRef = 9AEE159A2D2B389700BED7E1 /* BroadcastDelegate.swift */; };
/* End PBXBuildFile section */

/* Begin PBXContainerItemProxy section */
		00E356F41AD99517003FC87E /* PBXContainerItemProxy */ = {
			isa = PBXContainerItemProxy;
			containerPortal = 83CBB9F71A601CBA00E9B192 /* Project object */;
			proxyType = 1;
			remoteGlobalIDString = 13B07F861A680F5B00A75B9A;
			remoteInfo = AmazonIVSProject;
		};
/* End PBXContainerItemProxy section */

/* Begin PBXFileReference section */
		00E356EE1AD99517003FC87E /* AmazonIVSProjectTests.xctest */ = {isa = PBXFileReference; explicitFileType = wrapper.cfbundle; includeInIndex = 0; path = AmazonIVSProjectTests.xctest; sourceTree = BUILT_PRODUCTS_DIR; };
		00E356F11AD99517003FC87E /* Info.plist */ = {isa = PBXFileReference; lastKnownFileType = text.plist.xml; path = Info.plist; sourceTree = "<group>"; };
		00E356F21AD99517003FC87E /* AmazonIVSProjectTests.m */ = {isa = PBXFileReference; lastKnownFileType = sourcecode.c.objc; path = AmazonIVSProjectTests.m; sourceTree = "<group>"; };
		13B07F961A680F5B00A75B9A /* AmazonIVSProject.app */ = {isa = PBXFileReference; explicitFileType = wrapper.application; includeInIndex = 0; path = AmazonIVSProject.app; sourceTree = BUILT_PRODUCTS_DIR; };
		13B07FAF1A68108700A75B9A /* AppDelegate.h */ = {isa = PBXFileReference; fileEncoding = 4; lastKnownFileType = sourcecode.c.h; name = AppDelegate.h; path = AmazonIVSProject/AppDelegate.h; sourceTree = "<group>"; };
		13B07FB01A68108700A75B9A /* AppDelegate.mm */ = {isa = PBXFileReference; fileEncoding = 4; lastKnownFileType = sourcecode.cpp.objcpp; name = AppDelegate.mm; path = AmazonIVSProject/AppDelegate.mm; sourceTree = "<group>"; };
		13B07FB51A68108700A75B9A /* Images.xcassets */ = {isa = PBXFileReference; lastKnownFileType = folder.assetcatalog; name = Images.xcassets; path = AmazonIVSProject/Images.xcassets; sourceTree = "<group>"; };
		13B07FB61A68108700A75B9A /* Info.plist */ = {isa = PBXFileReference; fileEncoding = 4; lastKnownFileType = text.plist.xml; name = Info.plist; path = AmazonIVSProject/Info.plist; sourceTree = "<group>"; };
		13B07FB71A68108700A75B9A /* main.m */ = {isa = PBXFileReference; fileEncoding = 4; lastKnownFileType = sourcecode.c.objc; name = main.m; path = AmazonIVSProject/main.m; sourceTree = "<group>"; };
		13B07FB81A68108700A75B9A /* PrivacyInfo.xcprivacy */ = {isa = PBXFileReference; fileEncoding = 4; lastKnownFileType = text.plist.xml; name = PrivacyInfo.xcprivacy; path = AmazonIVSProject/PrivacyInfo.xcprivacy; sourceTree = "<group>"; };
		19F6CBCC0A4E27FBF8BF4A61 /* libPods-AmazonIVSProject-AmazonIVSProjectTests.a */ = {isa = PBXFileReference; explicitFileType = archive.ar; includeInIndex = 0; path = "libPods-AmazonIVSProject-AmazonIVSProjectTests.a"; sourceTree = BUILT_PRODUCTS_DIR; };
		3B4392A12AC88292D35C810B /* Pods-AmazonIVSProject.debug.xcconfig */ = {isa = PBXFileReference; includeInIndex = 1; lastKnownFileType = text.xcconfig; name = "Pods-AmazonIVSProject.debug.xcconfig"; path = "Target Support Files/Pods-AmazonIVSProject/Pods-AmazonIVSProject.debug.xcconfig"; sourceTree = "<group>"; };
		5709B34CF0A7D63546082F79 /* Pods-AmazonIVSProject.release.xcconfig */ = {isa = PBXFileReference; includeInIndex = 1; lastKnownFileType = text.xcconfig; name = "Pods-AmazonIVSProject.release.xcconfig"; path = "Target Support Files/Pods-AmazonIVSProject/Pods-AmazonIVSProject.release.xcconfig"; sourceTree = "<group>"; };
		5B7EB9410499542E8C5724F5 /* Pods-AmazonIVSProject-AmazonIVSProjectTests.debug.xcconfig */ = {isa = PBXFileReference; includeInIndex = 1; lastKnownFileType = text.xcconfig; name = "Pods-AmazonIVSProject-AmazonIVSProjectTests.debug.xcconfig"; path = "Target Support Files/Pods-AmazonIVSProject-AmazonIVSProjectTests/Pods-AmazonIVSProject-AmazonIVSProjectTests.debug.xcconfig"; sourceTree = "<group>"; };
		5DCACB8F33CDC322A6C60F78 /* libPods-AmazonIVSProject.a */ = {isa = PBXFileReference; explicitFileType = archive.ar; includeInIndex = 0; path = "libPods-AmazonIVSProject.a"; sourceTree = BUILT_PRODUCTS_DIR; };
		81AB9BB72411601600AC10FF /* LaunchScreen.storyboard */ = {isa = PBXFileReference; fileEncoding = 4; lastKnownFileType = file.storyboard; name = LaunchScreen.storyboard; path = AmazonIVSProject/LaunchScreen.storyboard; sourceTree = "<group>"; };
		89C6BE57DB24E9ADA2F236DE /* Pods-AmazonIVSProject-AmazonIVSProjectTests.release.xcconfig */ = {isa = PBXFileReference; includeInIndex = 1; lastKnownFileType = text.xcconfig; name = "Pods-AmazonIVSProject-AmazonIVSProjectTests.release.xcconfig"; path = "Target Support Files/Pods-AmazonIVSProject-AmazonIVSProjectTests/Pods-AmazonIVSProject-AmazonIVSProjectTests.release.xcconfig"; sourceTree = "<group>"; };
		9A42689E2D2561B9003E127C /* BroadcastManagerBridge.m */ = {isa = PBXFileReference; lastKnownFileType = sourcecode.c.objc; path = BroadcastManagerBridge.m; sourceTree = "<group>"; };
		9A4268A02D2561DE003E127C /* BroadcastManager.swift */ = {isa = PBXFileReference; lastKnownFileType = sourcecode.swift; path = BroadcastManager.swift; sourceTree = "<group>"; };
		9A4268A62D2566D9003E127C /* IVSManager.swift */ = {isa = PBXFileReference; lastKnownFileType = sourcecode.swift; path = IVSManager.swift; sourceTree = "<group>"; };
		9A4268A82D25671D003E127C /* IVSManager.m */ = {isa = PBXFileReference; lastKnownFileType = sourcecode.c.objc; path = IVSManager.m; sourceTree = "<group>"; };
		9A4268AA2D257DBF003E127C /* ServerBridge.m */ = {isa = PBXFileReference; lastKnownFileType = sourcecode.c.objc; path = ServerBridge.m; sourceTree = "<group>"; };
		9A4268AC2D257E1E003E127C /* ServerManager.swift */ = {isa = PBXFileReference; lastKnownFileType = sourcecode.swift; path = ServerManager.swift; sourceTree = "<group>"; };
		9A6B1E212D25517A005A232A /* AmazonIVSPlayerViewManager.m */ = {isa = PBXFileReference; lastKnownFileType = sourcecode.c.objc; path = AmazonIVSPlayerViewManager.m; sourceTree = "<group>"; };
		9A6B1E232D2551D9005A232A /* AmazonIVSProject-Bridging-Header.h */ = {isa = PBXFileReference; lastKnownFileType = sourcecode.c.h; path = "AmazonIVSProject-Bridging-Header.h"; sourceTree = "<group>"; };
		9A6B1E242D2551DA005A232A /* AmazonIVSPlayerViewManager.swift */ = {isa = PBXFileReference; lastKnownFileType = sourcecode.swift; path = AmazonIVSPlayerViewManager.swift; sourceTree = "<group>"; };
		9A8D37FD2D348F6C0014B507 /* StageListManager.swift */ = {isa = PBXFileReference; lastKnownFileType = sourcecode.swift; path = StageListManager.swift; sourceTree = "<group>"; };
		9A9B83D12D2F030800BB0203 /* IVSImagePreviewViewWrapper.swift */ = {isa = PBXFileReference; lastKnownFileType = sourcecode.swift; path = IVSImagePreviewViewWrapper.swift; sourceTree = "<group>"; };
		9A9B83D32D2F035A00BB0203 /* Oservable.swift */ = {isa = PBXFileReference; lastKnownFileType = sourcecode.swift; path = Oservable.swift; sourceTree = "<group>"; };
		9A9B83D52D2F03AA00BB0203 /* CustomTextField.swift */ = {isa = PBXFileReference; lastKnownFileType = sourcecode.swift; path = CustomTextField.swift; sourceTree = "<group>"; };
		9A9B83D72D2F03DA00BB0203 /* ManageParticipantsView.swift */ = {isa = PBXFileReference; lastKnownFileType = sourcecode.swift; path = ManageParticipantsView.swift; sourceTree = "<group>"; };
		9A9B83D92D2F040E00BB0203 /* NotificationsView.swift */ = {isa = PBXFileReference; lastKnownFileType = sourcecode.swift; path = NotificationsView.swift; sourceTree = "<group>"; };
		9A9B83DB2D2F043C00BB0203 /* ParticipantsGridView.swift */ = {isa = PBXFileReference; lastKnownFileType = sourcecode.swift; path = ParticipantsGridView.swift; sourceTree = "<group>"; };
		9A9B83DD2D2F046E00BB0203 /* BottomSheetView.swift */ = {isa = PBXFileReference; lastKnownFileType = sourcecode.swift; path = BottomSheetView.swift; sourceTree = "<group>"; };
		9A9B83DF2D2F057700BB0203 /* SetupView.swift */ = {isa = PBXFileReference; lastKnownFileType = sourcecode.swift; path = SetupView.swift; sourceTree = "<group>"; };
		9A9B83E12D2F059C00BB0203 /* StageListView.swift */ = {isa = PBXFileReference; lastKnownFileType = sourcecode.swift; path = StageListView.swift; sourceTree = "<group>"; };
		9A9B83E32D2F05B500BB0203 /* StageView.swift */ = {isa = PBXFileReference; lastKnownFileType = sourcecode.swift; path = StageView.swift; sourceTree = "<group>"; };
		9A9B83E52D2F060000BB0203 /* Notification.swift */ = {isa = PBXFileReference; lastKnownFileType = sourcecode.swift; path = Notification.swift; sourceTree = "<group>"; };
		9A9B83E72D2F062500BB0203 /* ChatTokenRequest.swift */ = {isa = PBXFileReference; lastKnownFileType = sourcecode.swift; path = ChatTokenRequest.swift; sourceTree = "<group>"; };
		9A9B83E92D2F066900BB0203 /* StageViewModel+Extensions.swift */ = {isa = PBXFileReference; lastKnownFileType = sourcecode.swift; path = "StageViewModel+Extensions.swift"; sourceTree = "<group>"; };
		9A9B83EB2D2F070500BB0203 /* Server.swift */ = {isa = PBXFileReference; lastKnownFileType = sourcecode.swift; path = Server.swift; sourceTree = "<group>"; };
		9A9B83ED2D2F0F3800BB0203 /* PermissionManager.swift */ = {isa = PBXFileReference; lastKnownFileType = sourcecode.swift; path = PermissionManager.swift; sourceTree = "<group>"; };
		9A9E40482D26624200965431 /* IVSBroadcastManager.swift */ = {isa = PBXFileReference; lastKnownFileType = sourcecode.swift; path = IVSBroadcastManager.swift; sourceTree = "<group>"; };
		9A9E404A2D2662F300965431 /* IVSBroadcastBridge.swift */ = {isa = PBXFileReference; lastKnownFileType = sourcecode.swift; path = IVSBroadcastBridge.swift; sourceTree = "<group>"; };
		9A9E404C2D26990100965431 /* BroadcastingView.swift */ = {isa = PBXFileReference; lastKnownFileType = sourcecode.swift; path = BroadcastingView.swift; sourceTree = "<group>"; };
		9A9E404E2D26994600965431 /* BroadcastingViewManager.swift */ = {isa = PBXFileReference; lastKnownFileType = sourcecode.swift; path = BroadcastingViewManager.swift; sourceTree = "<group>"; };
		9A9E40502D26998E00965431 /* BroadcastingViewManager.m */ = {isa = PBXFileReference; lastKnownFileType = sourcecode.c.objc; path = BroadcastingViewManager.m; sourceTree = "<group>"; };
		9A9E40522D26A53500965431 /* BroadcastingViewController.swift */ = {isa = PBXFileReference; lastKnownFileType = sourcecode.swift; path = BroadcastingViewController.swift; sourceTree = "<group>"; };
		9A9E40542D26D49C00965431 /* AmazonIVSBroadcastView.swift */ = {isa = PBXFileReference; lastKnownFileType = sourcecode.swift; path = AmazonIVSBroadcastView.swift; sourceTree = "<group>"; };
		9A9E40562D26EB8E00965431 /* AmazonIVSBroadcastViewManager.swift */ = {isa = PBXFileReference; lastKnownFileType = sourcecode.swift; path = AmazonIVSBroadcastViewManager.swift; sourceTree = "<group>"; };
		9A9E40582D26EBB700965431 /* AmazonIVSBroadcastViewManager.m */ = {isa = PBXFileReference; lastKnownFileType = sourcecode.c.objc; path = AmazonIVSBroadcastViewManager.m; sourceTree = "<group>"; };
		9A9E405C2D277A6F00965431 /* BroadcastManager.m */ = {isa = PBXFileReference; lastKnownFileType = sourcecode.c.objc; path = BroadcastManager.m; sourceTree = "<group>"; };
		9AB421A12D30F9DB003B3F19 /* Assets.xcassets */ = {isa = PBXFileReference; lastKnownFileType = folder.assetcatalog; path = Assets.xcassets; sourceTree = "<group>"; };
		9AC7BD802D2D70DA007C25FF /* ServerManagerDelegate.swift */ = {isa = PBXFileReference; lastKnownFileType = sourcecode.swift; path = ServerManagerDelegate.swift; sourceTree = "<group>"; };
		9AC8354C2D2FB0FB009CE6C5 /* WelcomeView.swift */ = {isa = PBXFileReference; lastKnownFileType = sourcecode.swift; path = WelcomeView.swift; sourceTree = "<group>"; };
		9AC907C52D2EC78800E69B2B /* Modifiers.swift */ = {isa = PBXFileReference; lastKnownFileType = sourcecode.swift; path = Modifiers.swift; sourceTree = "<group>"; };
		9AC907C72D2EC7B800E69B2B /* View.swift */ = {isa = PBXFileReference; lastKnownFileType = sourcecode.swift; path = View.swift; sourceTree = "<group>"; };
		9AC907C92D2EC89200E69B2B /* StageLayoutCalculator.swift */ = {isa = PBXFileReference; lastKnownFileType = sourcecode.swift; path = StageLayoutCalculator.swift; sourceTree = "<group>"; };
		9AC907CB2D2EC99B00E69B2B /* ActivityIndicator.swift */ = {isa = PBXFileReference; lastKnownFileType = sourcecode.swift; path = ActivityIndicator.swift; sourceTree = "<group>"; };
		9AC907CD2D2ECA1D00E69B2B /* ChatView.swift */ = {isa = PBXFileReference; lastKnownFileType = sourcecode.swift; path = ChatView.swift; sourceTree = "<group>"; };
		9AC907CF2D2ECAC500E69B2B /* ChatMessagesView.swift */ = {isa = PBXFileReference; lastKnownFileType = sourcecode.swift; path = ChatMessagesView.swift; sourceTree = "<group>"; };
		9AD40BB52D2BC78C00C3DA31 /* ServerResponses.swift */ = {isa = PBXFileReference; lastKnownFileType = sourcecode.swift; path = ServerResponses.swift; sourceTree = "<group>"; };
		9AD40BB72D2BC89F00C3DA31 /* ParticipantData.swift */ = {isa = PBXFileReference; lastKnownFileType = sourcecode.swift; path = ParticipantData.swift; sourceTree = "<group>"; };
		9AD40BB92D2BC90100C3DA31 /* ParticipantView.swift */ = {isa = PBXFileReference; lastKnownFileType = sourcecode.swift; path = ParticipantView.swift; sourceTree = "<group>"; };
		9AD40BBB2D2C107800C3DA31 /* CameraView.swift */ = {isa = PBXFileReference; lastKnownFileType = sourcecode.swift; path = CameraView.swift; sourceTree = "<group>"; };
		9AD40BBD2D2C124B00C3DA31 /* Constants.swift */ = {isa = PBXFileReference; lastKnownFileType = sourcecode.swift; path = Constants.swift; sourceTree = "<group>"; };
		9AD40BBF2D2C160400C3DA31 /* JoinPreviewView.swift */ = {isa = PBXFileReference; lastKnownFileType = sourcecode.swift; path = JoinPreviewView.swift; sourceTree = "<group>"; };
		9AD40BC32D2C18EA00C3DA31 /* RemoteImageView.swift */ = {isa = PBXFileReference; lastKnownFileType = sourcecode.swift; path = RemoteImageView.swift; sourceTree = "<group>"; };
		9AD40BC52D2C1DCA00C3DA31 /* ControlButtonsDrawer.swift */ = {isa = PBXFileReference; lastKnownFileType = sourcecode.swift; path = ControlButtonsDrawer.swift; sourceTree = "<group>"; };
		9AD6BA552D3EF1360046CFE9 /* BroadcastEventEmitter.swift */ = {isa = PBXFileReference; lastKnownFileType = sourcecode.swift; path = BroadcastEventEmitter.swift; sourceTree = "<group>"; };
		9AD6BA572D3EF2140046CFE9 /* BroadcastEventEmitter.m */ = {isa = PBXFileReference; lastKnownFileType = sourcecode.c.objc; path = BroadcastEventEmitter.m; sourceTree = "<group>"; };
		9AEE15902D2B321900BED7E1 /* ServicesManager.swift */ = {isa = PBXFileReference; lastKnownFileType = sourcecode.swift; path = ServicesManager.swift; sourceTree = "<group>"; };
		9AEE15922D2B360100BED7E1 /* User.swift */ = {isa = PBXFileReference; lastKnownFileType = sourcecode.swift; path = User.swift; sourceTree = "<group>"; };
		9AEE15942D2B362200BED7E1 /* ChatModel.swift */ = {isa = PBXFileReference; lastKnownFileType = sourcecode.swift; path = ChatModel.swift; sourceTree = "<group>"; };
		9AEE15962D2B366900BED7E1 /* StageViewModel.swift */ = {isa = PBXFileReference; lastKnownFileType = sourcecode.swift; path = StageViewModel.swift; sourceTree = "<group>"; };
		9AEE159A2D2B389700BED7E1 /* BroadcastDelegate.swift */ = {isa = PBXFileReference; lastKnownFileType = sourcecode.swift; path = BroadcastDelegate.swift; sourceTree = "<group>"; };
		ED297162215061F000B7C4FE /* JavaScriptCore.framework */ = {isa = PBXFileReference; lastKnownFileType = wrapper.framework; name = JavaScriptCore.framework; path = System/Library/Frameworks/JavaScriptCore.framework; sourceTree = SDKROOT; };
/* End PBXFileReference section */

/* Begin PBXFrameworksBuildPhase section */
		00E356EB1AD99517003FC87E /* Frameworks */ = {
			isa = PBXFrameworksBuildPhase;
			buildActionMask = 2147483647;
			files = (
				7699B88040F8A987B510C191 /* libPods-AmazonIVSProject-AmazonIVSProjectTests.a in Frameworks */,
			);
			runOnlyForDeploymentPostprocessing = 0;
		};
		13B07F8C1A680F5B00A75B9A /* Frameworks */ = {
			isa = PBXFrameworksBuildPhase;
			buildActionMask = 2147483647;
			files = (
				0C80B921A6F3F58F76C31292 /* libPods-AmazonIVSProject.a in Frameworks */,
			);
			runOnlyForDeploymentPostprocessing = 0;
		};
/* End PBXFrameworksBuildPhase section */

/* Begin PBXGroup section */
		00E356EF1AD99517003FC87E /* AmazonIVSProjectTests */ = {
			isa = PBXGroup;
			children = (
				00E356F21AD99517003FC87E /* AmazonIVSProjectTests.m */,
				00E356F01AD99517003FC87E /* Supporting Files */,
			);
			path = AmazonIVSProjectTests;
			sourceTree = "<group>";
		};
		00E356F01AD99517003FC87E /* Supporting Files */ = {
			isa = PBXGroup;
			children = (
				00E356F11AD99517003FC87E /* Info.plist */,
			);
			name = "Supporting Files";
			sourceTree = "<group>";
		};
		13B07FAE1A68108700A75B9A /* AmazonIVSProject */ = {
			isa = PBXGroup;
			children = (
				9AB421A12D30F9DB003B3F19 /* Assets.xcassets */,
				9AC907C42D2EC76F00E69B2B /* Utilities */,
				9AC907C22D2EC19E00E69B2B /* Views */,
				9AC907C02D2EBAA100E69B2B /* Models */,
				13B07FAF1A68108700A75B9A /* AppDelegate.h */,
				13B07FB01A68108700A75B9A /* AppDelegate.mm */,
				13B07FB51A68108700A75B9A /* Images.xcassets */,
				13B07FB61A68108700A75B9A /* Info.plist */,
				81AB9BB72411601600AC10FF /* LaunchScreen.storyboard */,
				13B07FB71A68108700A75B9A /* main.m */,
				13B07FB81A68108700A75B9A /* PrivacyInfo.xcprivacy */,
				9A6B1E212D25517A005A232A /* AmazonIVSPlayerViewManager.m */,
				9A6B1E242D2551DA005A232A /* AmazonIVSPlayerViewManager.swift */,
				9A6B1E232D2551D9005A232A /* AmazonIVSProject-Bridging-Header.h */,
				9A42689E2D2561B9003E127C /* BroadcastManagerBridge.m */,
				9A4268A02D2561DE003E127C /* BroadcastManager.swift */,
				9A4268A62D2566D9003E127C /* IVSManager.swift */,
				9A4268A82D25671D003E127C /* IVSManager.m */,
				9A9E40482D26624200965431 /* IVSBroadcastManager.swift */,
				9A9E404A2D2662F300965431 /* IVSBroadcastBridge.swift */,
				9A9E404C2D26990100965431 /* BroadcastingView.swift */,
				9A9E404E2D26994600965431 /* BroadcastingViewManager.swift */,
				9A9E40502D26998E00965431 /* BroadcastingViewManager.m */,
				9A9E40522D26A53500965431 /* BroadcastingViewController.swift */,
				9A9E40542D26D49C00965431 /* AmazonIVSBroadcastView.swift */,
				9A9E40562D26EB8E00965431 /* AmazonIVSBroadcastViewManager.swift */,
				9A9E40582D26EBB700965431 /* AmazonIVSBroadcastViewManager.m */,
				9A9E405C2D277A6F00965431 /* BroadcastManager.m */,
				9AEE159A2D2B389700BED7E1 /* BroadcastDelegate.swift */,
				9AD40BBD2D2C124B00C3DA31 /* Constants.swift */,
				9AC7BD802D2D70DA007C25FF /* ServerManagerDelegate.swift */,
				9AD6BA552D3EF1360046CFE9 /* BroadcastEventEmitter.swift */,
				9AD6BA572D3EF2140046CFE9 /* BroadcastEventEmitter.m */,
			);
			name = AmazonIVSProject;
			sourceTree = "<group>";
		};
		2D16E6871FA4F8E400B85C8A /* Frameworks */ = {
			isa = PBXGroup;
			children = (
				ED297162215061F000B7C4FE /* JavaScriptCore.framework */,
				5DCACB8F33CDC322A6C60F78 /* libPods-AmazonIVSProject.a */,
				19F6CBCC0A4E27FBF8BF4A61 /* libPods-AmazonIVSProject-AmazonIVSProjectTests.a */,
			);
			name = Frameworks;
			sourceTree = "<group>";
		};
		832341AE1AAA6A7D00B99B32 /* Libraries */ = {
			isa = PBXGroup;
			children = (
			);
			name = Libraries;
			sourceTree = "<group>";
		};
		83CBB9F61A601CBA00E9B192 = {
			isa = PBXGroup;
			children = (
				13B07FAE1A68108700A75B9A /* AmazonIVSProject */,
				832341AE1AAA6A7D00B99B32 /* Libraries */,
				00E356EF1AD99517003FC87E /* AmazonIVSProjectTests */,
				83CBBA001A601CBA00E9B192 /* Products */,
				2D16E6871FA4F8E400B85C8A /* Frameworks */,
				BBD78D7AC51CEA395F1C20DB /* Pods */,
			);
			indentWidth = 2;
			sourceTree = "<group>";
			tabWidth = 2;
			usesTabs = 0;
		};
		83CBBA001A601CBA00E9B192 /* Products */ = {
			isa = PBXGroup;
			children = (
				13B07F961A680F5B00A75B9A /* AmazonIVSProject.app */,
				00E356EE1AD99517003FC87E /* AmazonIVSProjectTests.xctest */,
			);
			name = Products;
			sourceTree = "<group>";
		};
		9AC907C02D2EBAA100E69B2B /* Models */ = {
			isa = PBXGroup;
			children = (
				9AEE15962D2B366900BED7E1 /* StageViewModel.swift */,
				9AEE15942D2B362200BED7E1 /* ChatModel.swift */,
				9AC907C12D2EBC0500E69B2B /* Managers */,
				9AEE15922D2B360100BED7E1 /* User.swift */,
				9AD40BB72D2BC89F00C3DA31 /* ParticipantData.swift */,
				9AD40BB52D2BC78C00C3DA31 /* ServerResponses.swift */,
				9A9B83E92D2F066900BB0203 /* StageViewModel+Extensions.swift */,
				9A9B83E72D2F062500BB0203 /* ChatTokenRequest.swift */,
				9A9B83E52D2F060000BB0203 /* Notification.swift */,
			);
			path = Models;
			sourceTree = "<group>";
		};
		9AC907C12D2EBC0500E69B2B /* Managers */ = {
			isa = PBXGroup;
			children = (
				9A4268AA2D257DBF003E127C /* ServerBridge.m */,
				9A4268AC2D257E1E003E127C /* ServerManager.swift */,
				9AEE15902D2B321900BED7E1 /* ServicesManager.swift */,
				9A9B83EB2D2F070500BB0203 /* Server.swift */,
				9A9B83ED2D2F0F3800BB0203 /* PermissionManager.swift */,
				9A8D37FD2D348F6C0014B507 /* StageListManager.swift */,
			);
			path = Managers;
			sourceTree = "<group>";
		};
		9AC907C22D2EC19E00E69B2B /* Views */ = {
			isa = PBXGroup;
			children = (
				9AC907C32D2EC1AD00E69B2B /* Components */,
				9A9B83DF2D2F057700BB0203 /* SetupView.swift */,
				9A9B83E12D2F059C00BB0203 /* StageListView.swift */,
				9A9B83E32D2F05B500BB0203 /* StageView.swift */,
				9AC8354C2D2FB0FB009CE6C5 /* WelcomeView.swift */,
			);
			path = Views;
			sourceTree = "<group>";
		};
		9AC907C32D2EC1AD00E69B2B /* Components */ = {
			isa = PBXGroup;
			children = (
				9AD40BC32D2C18EA00C3DA31 /* RemoteImageView.swift */,
				9AD40BBB2D2C107800C3DA31 /* CameraView.swift */,
				9AD40BC52D2C1DCA00C3DA31 /* ControlButtonsDrawer.swift */,
				9AD40BB92D2BC90100C3DA31 /* ParticipantView.swift */,
				9AD40BBF2D2C160400C3DA31 /* JoinPreviewView.swift */,
				9AC907CD2D2ECA1D00E69B2B /* ChatView.swift */,
				9AC907CF2D2ECAC500E69B2B /* ChatMessagesView.swift */,
				9A9B83D52D2F03AA00BB0203 /* CustomTextField.swift */,
				9A9B83D72D2F03DA00BB0203 /* ManageParticipantsView.swift */,
				9A9B83D92D2F040E00BB0203 /* NotificationsView.swift */,
				9A9B83DB2D2F043C00BB0203 /* ParticipantsGridView.swift */,
				9A9B83DD2D2F046E00BB0203 /* BottomSheetView.swift */,
			);
			path = Components;
			sourceTree = "<group>";
		};
		9AC907C42D2EC76F00E69B2B /* Utilities */ = {
			isa = PBXGroup;
			children = (
				9AC907C52D2EC78800E69B2B /* Modifiers.swift */,
				9AC907C72D2EC7B800E69B2B /* View.swift */,
				9AC907C92D2EC89200E69B2B /* StageLayoutCalculator.swift */,
				9AC907CB2D2EC99B00E69B2B /* ActivityIndicator.swift */,
				9A9B83D12D2F030800BB0203 /* IVSImagePreviewViewWrapper.swift */,
				9A9B83D32D2F035A00BB0203 /* Oservable.swift */,
			);
			path = Utilities;
			sourceTree = "<group>";
		};
		BBD78D7AC51CEA395F1C20DB /* Pods */ = {
			isa = PBXGroup;
			children = (
				3B4392A12AC88292D35C810B /* Pods-AmazonIVSProject.debug.xcconfig */,
				5709B34CF0A7D63546082F79 /* Pods-AmazonIVSProject.release.xcconfig */,
				5B7EB9410499542E8C5724F5 /* Pods-AmazonIVSProject-AmazonIVSProjectTests.debug.xcconfig */,
				89C6BE57DB24E9ADA2F236DE /* Pods-AmazonIVSProject-AmazonIVSProjectTests.release.xcconfig */,
			);
			path = Pods;
			sourceTree = "<group>";
		};
/* End PBXGroup section */

/* Begin PBXNativeTarget section */
		00E356ED1AD99517003FC87E /* AmazonIVSProjectTests */ = {
			isa = PBXNativeTarget;
			buildConfigurationList = 00E357021AD99517003FC87E /* Build configuration list for PBXNativeTarget "AmazonIVSProjectTests" */;
			buildPhases = (
				A55EABD7B0C7F3A422A6CC61 /* [CP] Check Pods Manifest.lock */,
				00E356EA1AD99517003FC87E /* Sources */,
				00E356EB1AD99517003FC87E /* Frameworks */,
				00E356EC1AD99517003FC87E /* Resources */,
				C59DA0FBD6956966B86A3779 /* [CP] Embed Pods Frameworks */,
				F6A41C54EA430FDDC6A6ED99 /* [CP] Copy Pods Resources */,
			);
			buildRules = (
			);
			dependencies = (
				00E356F51AD99517003FC87E /* PBXTargetDependency */,
			);
			name = AmazonIVSProjectTests;
			productName = AmazonIVSProjectTests;
			productReference = 00E356EE1AD99517003FC87E /* AmazonIVSProjectTests.xctest */;
			productType = "com.apple.product-type.bundle.unit-test";
		};
		13B07F861A680F5B00A75B9A /* AmazonIVSProject */ = {
			isa = PBXNativeTarget;
			buildConfigurationList = 13B07F931A680F5B00A75B9A /* Build configuration list for PBXNativeTarget "AmazonIVSProject" */;
			buildPhases = (
				C38B50BA6285516D6DCD4F65 /* [CP] Check Pods Manifest.lock */,
				13B07F871A680F5B00A75B9A /* Sources */,
				13B07F8C1A680F5B00A75B9A /* Frameworks */,
				13B07F8E1A680F5B00A75B9A /* Resources */,
				00DD1BFF1BD5951E006B06BC /* Bundle React Native code and images */,
				00EEFC60759A1932668264C0 /* [CP] Embed Pods Frameworks */,
				E235C05ADACE081382539298 /* [CP] Copy Pods Resources */,
			);
			buildRules = (
			);
			dependencies = (
			);
			name = AmazonIVSProject;
			productName = AmazonIVSProject;
			productReference = 13B07F961A680F5B00A75B9A /* AmazonIVSProject.app */;
			productType = "com.apple.product-type.application";
		};
/* End PBXNativeTarget section */

/* Begin PBXProject section */
		83CBB9F71A601CBA00E9B192 /* Project object */ = {
			isa = PBXProject;
			attributes = {
				LastUpgradeCheck = 1210;
				TargetAttributes = {
					00E356ED1AD99517003FC87E = {
						CreatedOnToolsVersion = 6.2;
						TestTargetID = 13B07F861A680F5B00A75B9A;
					};
					13B07F861A680F5B00A75B9A = {
						LastSwiftMigration = 1600;
					};
				};
			};
			buildConfigurationList = 83CBB9FA1A601CBA00E9B192 /* Build configuration list for PBXProject "AmazonIVSProject" */;
			compatibilityVersion = "Xcode 12.0";
			developmentRegion = en;
			hasScannedForEncodings = 0;
			knownRegions = (
				en,
				Base,
			);
			mainGroup = 83CBB9F61A601CBA00E9B192;
			productRefGroup = 83CBBA001A601CBA00E9B192 /* Products */;
			projectDirPath = "";
			projectRoot = "";
			targets = (
				13B07F861A680F5B00A75B9A /* AmazonIVSProject */,
				00E356ED1AD99517003FC87E /* AmazonIVSProjectTests */,
			);
		};
/* End PBXProject section */

/* Begin PBXResourcesBuildPhase section */
		00E356EC1AD99517003FC87E /* Resources */ = {
			isa = PBXResourcesBuildPhase;
			buildActionMask = 2147483647;
			files = (
			);
			runOnlyForDeploymentPostprocessing = 0;
		};
		13B07F8E1A680F5B00A75B9A /* Resources */ = {
			isa = PBXResourcesBuildPhase;
			buildActionMask = 2147483647;
			files = (
				81AB9BB82411601600AC10FF /* LaunchScreen.storyboard in Resources */,
				13B07FBF1A68108700A75B9A /* Images.xcassets in Resources */,
				9AB421A22D30F9DB003B3F19 /* Assets.xcassets in Resources */,
				58962363DE11F39EF6635D40 /* PrivacyInfo.xcprivacy in Resources */,
			);
			runOnlyForDeploymentPostprocessing = 0;
		};
/* End PBXResourcesBuildPhase section */

/* Begin PBXShellScriptBuildPhase section */
		00DD1BFF1BD5951E006B06BC /* Bundle React Native code and images */ = {
			isa = PBXShellScriptBuildPhase;
			buildActionMask = 2147483647;
			files = (
			);
			inputPaths = (
				"$(SRCROOT)/.xcode.env.local",
				"$(SRCROOT)/.xcode.env",
			);
			name = "Bundle React Native code and images";
			outputPaths = (
			);
			runOnlyForDeploymentPostprocessing = 0;
			shellPath = /bin/sh;
			shellScript = "set -e\n\nWITH_ENVIRONMENT=\"$REACT_NATIVE_PATH/scripts/xcode/with-environment.sh\"\nREACT_NATIVE_XCODE=\"$REACT_NATIVE_PATH/scripts/react-native-xcode.sh\"\n\n/bin/sh -c \"$WITH_ENVIRONMENT $REACT_NATIVE_XCODE\"\n";
		};
		00EEFC60759A1932668264C0 /* [CP] Embed Pods Frameworks */ = {
			isa = PBXShellScriptBuildPhase;
			buildActionMask = 2147483647;
			files = (
			);
			inputFileListPaths = (
				"${PODS_ROOT}/Target Support Files/Pods-AmazonIVSProject/Pods-AmazonIVSProject-frameworks-${CONFIGURATION}-input-files.xcfilelist",
			);
			name = "[CP] Embed Pods Frameworks";
			outputFileListPaths = (
				"${PODS_ROOT}/Target Support Files/Pods-AmazonIVSProject/Pods-AmazonIVSProject-frameworks-${CONFIGURATION}-output-files.xcfilelist",
			);
			runOnlyForDeploymentPostprocessing = 0;
			shellPath = /bin/sh;
			shellScript = "\"${PODS_ROOT}/Target Support Files/Pods-AmazonIVSProject/Pods-AmazonIVSProject-frameworks.sh\"\n";
			showEnvVarsInLog = 0;
		};
		A55EABD7B0C7F3A422A6CC61 /* [CP] Check Pods Manifest.lock */ = {
			isa = PBXShellScriptBuildPhase;
			buildActionMask = 2147483647;
			files = (
			);
			inputFileListPaths = (
			);
			inputPaths = (
				"${PODS_PODFILE_DIR_PATH}/Podfile.lock",
				"${PODS_ROOT}/Manifest.lock",
			);
			name = "[CP] Check Pods Manifest.lock";
			outputFileListPaths = (
			);
			outputPaths = (
				"$(DERIVED_FILE_DIR)/Pods-AmazonIVSProject-AmazonIVSProjectTests-checkManifestLockResult.txt",
			);
			runOnlyForDeploymentPostprocessing = 0;
			shellPath = /bin/sh;
			shellScript = "diff \"${PODS_PODFILE_DIR_PATH}/Podfile.lock\" \"${PODS_ROOT}/Manifest.lock\" > /dev/null\nif [ $? != 0 ] ; then\n    # print error to STDERR\n    echo \"error: The sandbox is not in sync with the Podfile.lock. Run 'pod install' or update your CocoaPods installation.\" >&2\n    exit 1\nfi\n# This output is used by Xcode 'outputs' to avoid re-running this script phase.\necho \"SUCCESS\" > \"${SCRIPT_OUTPUT_FILE_0}\"\n";
			showEnvVarsInLog = 0;
		};
		C38B50BA6285516D6DCD4F65 /* [CP] Check Pods Manifest.lock */ = {
			isa = PBXShellScriptBuildPhase;
			buildActionMask = 2147483647;
			files = (
			);
			inputFileListPaths = (
			);
			inputPaths = (
				"${PODS_PODFILE_DIR_PATH}/Podfile.lock",
				"${PODS_ROOT}/Manifest.lock",
			);
			name = "[CP] Check Pods Manifest.lock";
			outputFileListPaths = (
			);
			outputPaths = (
				"$(DERIVED_FILE_DIR)/Pods-AmazonIVSProject-checkManifestLockResult.txt",
			);
			runOnlyForDeploymentPostprocessing = 0;
			shellPath = /bin/sh;
			shellScript = "diff \"${PODS_PODFILE_DIR_PATH}/Podfile.lock\" \"${PODS_ROOT}/Manifest.lock\" > /dev/null\nif [ $? != 0 ] ; then\n    # print error to STDERR\n    echo \"error: The sandbox is not in sync with the Podfile.lock. Run 'pod install' or update your CocoaPods installation.\" >&2\n    exit 1\nfi\n# This output is used by Xcode 'outputs' to avoid re-running this script phase.\necho \"SUCCESS\" > \"${SCRIPT_OUTPUT_FILE_0}\"\n";
			showEnvVarsInLog = 0;
		};
		C59DA0FBD6956966B86A3779 /* [CP] Embed Pods Frameworks */ = {
			isa = PBXShellScriptBuildPhase;
			buildActionMask = 2147483647;
			files = (
			);
			inputFileListPaths = (
				"${PODS_ROOT}/Target Support Files/Pods-AmazonIVSProject-AmazonIVSProjectTests/Pods-AmazonIVSProject-AmazonIVSProjectTests-frameworks-${CONFIGURATION}-input-files.xcfilelist",
			);
			name = "[CP] Embed Pods Frameworks";
			outputFileListPaths = (
				"${PODS_ROOT}/Target Support Files/Pods-AmazonIVSProject-AmazonIVSProjectTests/Pods-AmazonIVSProject-AmazonIVSProjectTests-frameworks-${CONFIGURATION}-output-files.xcfilelist",
			);
			runOnlyForDeploymentPostprocessing = 0;
			shellPath = /bin/sh;
			shellScript = "\"${PODS_ROOT}/Target Support Files/Pods-AmazonIVSProject-AmazonIVSProjectTests/Pods-AmazonIVSProject-AmazonIVSProjectTests-frameworks.sh\"\n";
			showEnvVarsInLog = 0;
		};
		E235C05ADACE081382539298 /* [CP] Copy Pods Resources */ = {
			isa = PBXShellScriptBuildPhase;
			buildActionMask = 2147483647;
			files = (
			);
			inputFileListPaths = (
				"${PODS_ROOT}/Target Support Files/Pods-AmazonIVSProject/Pods-AmazonIVSProject-resources-${CONFIGURATION}-input-files.xcfilelist",
			);
			name = "[CP] Copy Pods Resources";
			outputFileListPaths = (
				"${PODS_ROOT}/Target Support Files/Pods-AmazonIVSProject/Pods-AmazonIVSProject-resources-${CONFIGURATION}-output-files.xcfilelist",
			);
			runOnlyForDeploymentPostprocessing = 0;
			shellPath = /bin/sh;
			shellScript = "\"${PODS_ROOT}/Target Support Files/Pods-AmazonIVSProject/Pods-AmazonIVSProject-resources.sh\"\n";
			showEnvVarsInLog = 0;
		};
		F6A41C54EA430FDDC6A6ED99 /* [CP] Copy Pods Resources */ = {
			isa = PBXShellScriptBuildPhase;
			buildActionMask = 2147483647;
			files = (
			);
			inputFileListPaths = (
				"${PODS_ROOT}/Target Support Files/Pods-AmazonIVSProject-AmazonIVSProjectTests/Pods-AmazonIVSProject-AmazonIVSProjectTests-resources-${CONFIGURATION}-input-files.xcfilelist",
			);
			name = "[CP] Copy Pods Resources";
			outputFileListPaths = (
				"${PODS_ROOT}/Target Support Files/Pods-AmazonIVSProject-AmazonIVSProjectTests/Pods-AmazonIVSProject-AmazonIVSProjectTests-resources-${CONFIGURATION}-output-files.xcfilelist",
			);
			runOnlyForDeploymentPostprocessing = 0;
			shellPath = /bin/sh;
			shellScript = "\"${PODS_ROOT}/Target Support Files/Pods-AmazonIVSProject-AmazonIVSProjectTests/Pods-AmazonIVSProject-AmazonIVSProjectTests-resources.sh\"\n";
			showEnvVarsInLog = 0;
		};
/* End PBXShellScriptBuildPhase section */

/* Begin PBXSourcesBuildPhase section */
		00E356EA1AD99517003FC87E /* Sources */ = {
			isa = PBXSourcesBuildPhase;
			buildActionMask = 2147483647;
			files = (
				00E356F31AD99517003FC87E /* AmazonIVSProjectTests.m in Sources */,
			);
			runOnlyForDeploymentPostprocessing = 0;
		};
		13B07F871A680F5B00A75B9A /* Sources */ = {
			isa = PBXSourcesBuildPhase;
			buildActionMask = 2147483647;
			files = (
				9AD40BB62D2BC78C00C3DA31 /* ServerResponses.swift in Sources */,
				9A4268A72D2566D9003E127C /* IVSManager.swift in Sources */,
				9AC907CC2D2EC99B00E69B2B /* ActivityIndicator.swift in Sources */,
				9A9B83EA2D2F066900BB0203 /* StageViewModel+Extensions.swift in Sources */,
				9A9E40552D26D49C00965431 /* AmazonIVSBroadcastView.swift in Sources */,
				9AC907D02D2ECAC500E69B2B /* ChatMessagesView.swift in Sources */,
				9AD40BBC2D2C107800C3DA31 /* CameraView.swift in Sources */,
				9A42689F2D2561B9003E127C /* BroadcastManagerBridge.m in Sources */,
				9A9E40592D26EBB700965431 /* AmazonIVSBroadcastViewManager.m in Sources */,
				9A4268A12D2561DE003E127C /* BroadcastManager.swift in Sources */,
				9A4268A92D25671D003E127C /* IVSManager.m in Sources */,
				9A9E40492D26624200965431 /* IVSBroadcastManager.swift in Sources */,
				9AC907C62D2EC78800E69B2B /* Modifiers.swift in Sources */,
				9AD40BBE2D2C124B00C3DA31 /* Constants.swift in Sources */,
				9A9E40532D26A53500965431 /* BroadcastingViewController.swift in Sources */,
				9AEE159B2D2B389700BED7E1 /* BroadcastDelegate.swift in Sources */,
				9A9B83E42D2F05B500BB0203 /* StageView.swift in Sources */,
				9A9E40572D26EB8E00965431 /* AmazonIVSBroadcastViewManager.swift in Sources */,
				9A9B83D62D2F03AA00BB0203 /* CustomTextField.swift in Sources */,
				9A6B1E252D2551DA005A232A /* AmazonIVSPlayerViewManager.swift in Sources */,
				9AC7BD812D2D70DA007C25FF /* ServerManagerDelegate.swift in Sources */,
				9A9E404D2D26990100965431 /* BroadcastingView.swift in Sources */,
				9A9B83DE2D2F046E00BB0203 /* BottomSheetView.swift in Sources */,
				9A9E405D2D277A6F00965431 /* BroadcastManager.m in Sources */,
				9A9B83E02D2F057700BB0203 /* SetupView.swift in Sources */,
				9AD6BA562D3EF1360046CFE9 /* BroadcastEventEmitter.swift in Sources */,
				9AC907CE2D2ECA1D00E69B2B /* ChatView.swift in Sources */,
				9A9B83E22D2F059C00BB0203 /* StageListView.swift in Sources */,
				9AC8354D2D2FB0FB009CE6C5 /* WelcomeView.swift in Sources */,
				9A9B83DC2D2F043C00BB0203 /* ParticipantsGridView.swift in Sources */,
				9A4268AB2D257DBF003E127C /* ServerBridge.m in Sources */,
				9AD40BC42D2C18EA00C3DA31 /* RemoteImageView.swift in Sources */,
				9A9B83D42D2F035A00BB0203 /* Oservable.swift in Sources */,
				9AEE15952D2B362200BED7E1 /* ChatModel.swift in Sources */,
				9A9B83DA2D2F040E00BB0203 /* NotificationsView.swift in Sources */,
				13B07FBC1A68108700A75B9A /* AppDelegate.mm in Sources */,
				9A9B83EC2D2F070500BB0203 /* Server.swift in Sources */,
				9A6B1E222D25517A005A232A /* AmazonIVSPlayerViewManager.m in Sources */,
				9A9E40512D26998E00965431 /* BroadcastingViewManager.m in Sources */,
				9A9B83E82D2F062500BB0203 /* ChatTokenRequest.swift in Sources */,
				9A9B83D82D2F03DA00BB0203 /* ManageParticipantsView.swift in Sources */,
				9A9E404B2D2662F300965431 /* IVSBroadcastBridge.swift in Sources */,
				9A9E404F2D26994600965431 /* BroadcastingViewManager.swift in Sources */,
				9AD40BC62D2C1DCA00C3DA31 /* ControlButtonsDrawer.swift in Sources */,
				9AD40BBA2D2BC90100C3DA31 /* ParticipantView.swift in Sources */,
				9AEE15932D2B360100BED7E1 /* User.swift in Sources */,
				9A8D37FE2D348F6C0014B507 /* StageListManager.swift in Sources */,
				9AEE15912D2B321900BED7E1 /* ServicesManager.swift in Sources */,
				9AC907CA2D2EC89200E69B2B /* StageLayoutCalculator.swift in Sources */,
				13B07FC11A68108700A75B9A /* main.m in Sources */,
				9AD40BB82D2BC89F00C3DA31 /* ParticipantData.swift in Sources */,
				9AC907C82D2EC7B800E69B2B /* View.swift in Sources */,
				9AD40BC02D2C160400C3DA31 /* JoinPreviewView.swift in Sources */,
				9A9B83D22D2F030800BB0203 /* IVSImagePreviewViewWrapper.swift in Sources */,
				9A9B83EE2D2F0F3800BB0203 /* PermissionManager.swift in Sources */,
				9A4268AD2D257E1E003E127C /* ServerManager.swift in Sources */,
				9AD6BA582D3EF2140046CFE9 /* BroadcastEventEmitter.m in Sources */,
				9AEE15972D2B366900BED7E1 /* StageViewModel.swift in Sources */,
				9A9B83E62D2F060000BB0203 /* Notification.swift in Sources */,
			);
			runOnlyForDeploymentPostprocessing = 0;
		};
/* End PBXSourcesBuildPhase section */

/* Begin PBXTargetDependency section */
		00E356F51AD99517003FC87E /* PBXTargetDependency */ = {
			isa = PBXTargetDependency;
			target = 13B07F861A680F5B00A75B9A /* AmazonIVSProject */;
			targetProxy = 00E356F41AD99517003FC87E /* PBXContainerItemProxy */;
		};
/* End PBXTargetDependency section */

/* Begin XCBuildConfiguration section */
		00E356F61AD99517003FC87E /* Debug */ = {
			isa = XCBuildConfiguration;
			baseConfigurationReference = 5B7EB9410499542E8C5724F5 /* Pods-AmazonIVSProject-AmazonIVSProjectTests.debug.xcconfig */;
			buildSettings = {
				BUNDLE_LOADER = "$(TEST_HOST)";
				GCC_PREPROCESSOR_DEFINITIONS = (
					"DEBUG=1",
					"$(inherited)",
				);
				INFOPLIST_FILE = AmazonIVSProjectTests/Info.plist;
				IPHONEOS_DEPLOYMENT_TARGET = 15.1;
				LD_RUNPATH_SEARCH_PATHS = (
					"$(inherited)",
					"@executable_path/Frameworks",
					"@loader_path/Frameworks",
				);
				OTHER_LDFLAGS = (
					"-ObjC",
					"-lc++",
					"$(inherited)",
				);
				PRODUCT_BUNDLE_IDENTIFIER = "org.reactjs.native.example.$(PRODUCT_NAME:rfc1034identifier)";
				PRODUCT_NAME = "$(TARGET_NAME)";
				TEST_HOST = "$(BUILT_PRODUCTS_DIR)/AmazonIVSProject.app/AmazonIVSProject";
			};
			name = Debug;
		};
		00E356F71AD99517003FC87E /* Release */ = {
			isa = XCBuildConfiguration;
			baseConfigurationReference = 89C6BE57DB24E9ADA2F236DE /* Pods-AmazonIVSProject-AmazonIVSProjectTests.release.xcconfig */;
			buildSettings = {
				BUNDLE_LOADER = "$(TEST_HOST)";
				COPY_PHASE_STRIP = NO;
				INFOPLIST_FILE = AmazonIVSProjectTests/Info.plist;
				IPHONEOS_DEPLOYMENT_TARGET = 15.1;
				LD_RUNPATH_SEARCH_PATHS = (
					"$(inherited)",
					"@executable_path/Frameworks",
					"@loader_path/Frameworks",
				);
				OTHER_LDFLAGS = (
					"-ObjC",
					"-lc++",
					"$(inherited)",
				);
				PRODUCT_BUNDLE_IDENTIFIER = "org.reactjs.native.example.$(PRODUCT_NAME:rfc1034identifier)";
				PRODUCT_NAME = "$(TARGET_NAME)";
				TEST_HOST = "$(BUILT_PRODUCTS_DIR)/AmazonIVSProject.app/AmazonIVSProject";
			};
			name = Release;
		};
		13B07F941A680F5B00A75B9A /* Debug */ = {
			isa = XCBuildConfiguration;
			baseConfigurationReference = 3B4392A12AC88292D35C810B /* Pods-AmazonIVSProject.debug.xcconfig */;
			buildSettings = {
				ASSETCATALOG_COMPILER_APPICON_NAME = AppIcon;
				CLANG_ENABLE_MODULES = YES;
				CURRENT_PROJECT_VERSION = 1;
				DEVELOPMENT_TEAM = 36J6T6XLS2;
				ENABLE_BITCODE = NO;
				INFOPLIST_FILE = AmazonIVSProject/Info.plist;
				IPHONEOS_DEPLOYMENT_TARGET = 15.1;
				LD_RUNPATH_SEARCH_PATHS = (
					"$(inherited)",
					"@executable_path/Frameworks",
				);
				MARKETING_VERSION = 1.0;
				OTHER_LDFLAGS = (
					"$(inherited)",
					"-ObjC",
					"-lc++",
				);
				PRODUCT_BUNDLE_IDENTIFIER = org.reactjs.native.example.AmazonIVSProject123;
				PRODUCT_NAME = AmazonIVSProject;
				SWIFT_OBJC_BRIDGING_HEADER = "AmazonIVSProject-Bridging-Header.h";
				SWIFT_OPTIMIZATION_LEVEL = "-Onone";
				SWIFT_VERSION = 5.0;
				VERSIONING_SYSTEM = "apple-generic";
			};
			name = Debug;
		};
		13B07F951A680F5B00A75B9A /* Release */ = {
			isa = XCBuildConfiguration;
			baseConfigurationReference = 5709B34CF0A7D63546082F79 /* Pods-AmazonIVSProject.release.xcconfig */;
			buildSettings = {
				ASSETCATALOG_COMPILER_APPICON_NAME = AppIcon;
				CLANG_ENABLE_MODULES = YES;
				CURRENT_PROJECT_VERSION = 1;
				DEVELOPMENT_TEAM = 36J6T6XLS2;
				INFOPLIST_FILE = AmazonIVSProject/Info.plist;
				IPHONEOS_DEPLOYMENT_TARGET = 15.1;
				LD_RUNPATH_SEARCH_PATHS = (
					"$(inherited)",
					"@executable_path/Frameworks",
				);
				MARKETING_VERSION = 1.0;
				OTHER_LDFLAGS = (
					"$(inherited)",
					"-ObjC",
					"-lc++",
				);
				PRODUCT_BUNDLE_IDENTIFIER = org.reactjs.native.example.AmazonIVSProject123;
				PRODUCT_NAME = AmazonIVSProject;
				SWIFT_OBJC_BRIDGING_HEADER = "AmazonIVSProject-Bridging-Header.h";
				SWIFT_VERSION = 5.0;
				VERSIONING_SYSTEM = "apple-generic";
			};
			name = Release;
		};
		83CBBA201A601CBA00E9B192 /* Debug */ = {
			isa = XCBuildConfiguration;
			buildSettings = {
				ALWAYS_SEARCH_USER_PATHS = NO;
				CLANG_ANALYZER_LOCALIZABILITY_NONLOCALIZED = YES;
				CLANG_CXX_LANGUAGE_STANDARD = "c++20";
				CLANG_CXX_LIBRARY = "libc++";
				CLANG_ENABLE_MODULES = YES;
				CLANG_ENABLE_OBJC_ARC = YES;
				CLANG_WARN_BLOCK_CAPTURE_AUTORELEASING = YES;
				CLANG_WARN_BOOL_CONVERSION = YES;
				CLANG_WARN_COMMA = YES;
				CLANG_WARN_CONSTANT_CONVERSION = YES;
				CLANG_WARN_DEPRECATED_OBJC_IMPLEMENTATIONS = YES;
				CLANG_WARN_DIRECT_OBJC_ISA_USAGE = YES_ERROR;
				CLANG_WARN_EMPTY_BODY = YES;
				CLANG_WARN_ENUM_CONVERSION = YES;
				CLANG_WARN_INFINITE_RECURSION = YES;
				CLANG_WARN_INT_CONVERSION = YES;
				CLANG_WARN_NON_LITERAL_NULL_CONVERSION = YES;
				CLANG_WARN_OBJC_IMPLICIT_RETAIN_SELF = YES;
				CLANG_WARN_OBJC_LITERAL_CONVERSION = YES;
				CLANG_WARN_OBJC_ROOT_CLASS = YES_ERROR;
				CLANG_WARN_QUOTED_INCLUDE_IN_FRAMEWORK_HEADER = YES;
				CLANG_WARN_RANGE_LOOP_ANALYSIS = YES;
				CLANG_WARN_STRICT_PROTOTYPES = YES;
				CLANG_WARN_SUSPICIOUS_MOVE = YES;
				CLANG_WARN_UNREACHABLE_CODE = YES;
				CLANG_WARN__DUPLICATE_METHOD_MATCH = YES;
				"CODE_SIGN_IDENTITY[sdk=iphoneos*]" = "iPhone Developer";
				COPY_PHASE_STRIP = NO;
				ENABLE_STRICT_OBJC_MSGSEND = YES;
				ENABLE_TESTABILITY = YES;
				"EXCLUDED_ARCHS[sdk=iphonesimulator*]" = "";
				GCC_C_LANGUAGE_STANDARD = gnu99;
				GCC_DYNAMIC_NO_PIC = NO;
				GCC_NO_COMMON_BLOCKS = YES;
				GCC_OPTIMIZATION_LEVEL = 0;
				GCC_PREPROCESSOR_DEFINITIONS = (
					"DEBUG=1",
					"$(inherited)",
				);
				GCC_SYMBOLS_PRIVATE_EXTERN = NO;
				GCC_WARN_64_TO_32_BIT_CONVERSION = YES;
				GCC_WARN_ABOUT_RETURN_TYPE = YES_ERROR;
				GCC_WARN_UNDECLARED_SELECTOR = YES;
				GCC_WARN_UNINITIALIZED_AUTOS = YES_AGGRESSIVE;
				GCC_WARN_UNUSED_FUNCTION = YES;
				GCC_WARN_UNUSED_VARIABLE = YES;
				IPHONEOS_DEPLOYMENT_TARGET = 15.1;
				LD_RUNPATH_SEARCH_PATHS = (
					/usr/lib/swift,
					"$(inherited)",
				);
				LIBRARY_SEARCH_PATHS = (
					"\"$(SDKROOT)/usr/lib/swift\"",
					"\"$(TOOLCHAIN_DIR)/usr/lib/swift/$(PLATFORM_NAME)\"",
					"\"$(inherited)\"",
				);
				MTL_ENABLE_DEBUG_INFO = YES;
				ONLY_ACTIVE_ARCH = YES;
				OTHER_CPLUSPLUSFLAGS = (
					"$(OTHER_CFLAGS)",
					"-DFOLLY_NO_CONFIG",
					"-DFOLLY_MOBILE=1",
					"-DFOLLY_USE_LIBCPP=1",
					"-DFOLLY_CFG_NO_COROUTINES=1",
					"-DFOLLY_HAVE_CLOCK_GETTIME=1",
				);
				OTHER_LDFLAGS = "$(inherited)  ";
				REACT_NATIVE_PATH = "${PODS_ROOT}/../../node_modules/react-native";
				SDKROOT = iphoneos;
				SWIFT_ACTIVE_COMPILATION_CONDITIONS = "$(inherited) DEBUG";
				USE_HERMES = true;
			};
			name = Debug;
		};
		83CBBA211A601CBA00E9B192 /* Release */ = {
			isa = XCBuildConfiguration;
			buildSettings = {
				ALWAYS_SEARCH_USER_PATHS = NO;
				CLANG_ANALYZER_LOCALIZABILITY_NONLOCALIZED = YES;
				CLANG_CXX_LANGUAGE_STANDARD = "c++20";
				CLANG_CXX_LIBRARY = "libc++";
				CLANG_ENABLE_MODULES = YES;
				CLANG_ENABLE_OBJC_ARC = YES;
				CLANG_WARN_BLOCK_CAPTURE_AUTORELEASING = YES;
				CLANG_WARN_BOOL_CONVERSION = YES;
				CLANG_WARN_COMMA = YES;
				CLANG_WARN_CONSTANT_CONVERSION = YES;
				CLANG_WARN_DEPRECATED_OBJC_IMPLEMENTATIONS = YES;
				CLANG_WARN_DIRECT_OBJC_ISA_USAGE = YES_ERROR;
				CLANG_WARN_EMPTY_BODY = YES;
				CLANG_WARN_ENUM_CONVERSION = YES;
				CLANG_WARN_INFINITE_RECURSION = YES;
				CLANG_WARN_INT_CONVERSION = YES;
				CLANG_WARN_NON_LITERAL_NULL_CONVERSION = YES;
				CLANG_WARN_OBJC_IMPLICIT_RETAIN_SELF = YES;
				CLANG_WARN_OBJC_LITERAL_CONVERSION = YES;
				CLANG_WARN_OBJC_ROOT_CLASS = YES_ERROR;
				CLANG_WARN_QUOTED_INCLUDE_IN_FRAMEWORK_HEADER = YES;
				CLANG_WARN_RANGE_LOOP_ANALYSIS = YES;
				CLANG_WARN_STRICT_PROTOTYPES = YES;
				CLANG_WARN_SUSPICIOUS_MOVE = YES;
				CLANG_WARN_UNREACHABLE_CODE = YES;
				CLANG_WARN__DUPLICATE_METHOD_MATCH = YES;
				"CODE_SIGN_IDENTITY[sdk=iphoneos*]" = "iPhone Developer";
				COPY_PHASE_STRIP = YES;
				ENABLE_NS_ASSERTIONS = NO;
				ENABLE_STRICT_OBJC_MSGSEND = YES;
				"EXCLUDED_ARCHS[sdk=iphonesimulator*]" = "";
				GCC_C_LANGUAGE_STANDARD = gnu99;
				GCC_NO_COMMON_BLOCKS = YES;
				GCC_WARN_64_TO_32_BIT_CONVERSION = YES;
				GCC_WARN_ABOUT_RETURN_TYPE = YES_ERROR;
				GCC_WARN_UNDECLARED_SELECTOR = YES;
				GCC_WARN_UNINITIALIZED_AUTOS = YES_AGGRESSIVE;
				GCC_WARN_UNUSED_FUNCTION = YES;
				GCC_WARN_UNUSED_VARIABLE = YES;
				IPHONEOS_DEPLOYMENT_TARGET = 15.1;
				LD_RUNPATH_SEARCH_PATHS = (
					/usr/lib/swift,
					"$(inherited)",
				);
				LIBRARY_SEARCH_PATHS = (
					"\"$(SDKROOT)/usr/lib/swift\"",
					"\"$(TOOLCHAIN_DIR)/usr/lib/swift/$(PLATFORM_NAME)\"",
					"\"$(inherited)\"",
				);
				MTL_ENABLE_DEBUG_INFO = NO;
				OTHER_CPLUSPLUSFLAGS = (
					"$(OTHER_CFLAGS)",
					"-DFOLLY_NO_CONFIG",
					"-DFOLLY_MOBILE=1",
					"-DFOLLY_USE_LIBCPP=1",
					"-DFOLLY_CFG_NO_COROUTINES=1",
					"-DFOLLY_HAVE_CLOCK_GETTIME=1",
				);
				OTHER_LDFLAGS = "$(inherited)  ";
				REACT_NATIVE_PATH = "${PODS_ROOT}/../../node_modules/react-native";
				SDKROOT = iphoneos;
				USE_HERMES = true;
				VALIDATE_PRODUCT = YES;
			};
			name = Release;
		};
/* End XCBuildConfiguration section */

/* Begin XCConfigurationList section */
		00E357021AD99517003FC87E /* Build configuration list for PBXNativeTarget "AmazonIVSProjectTests" */ = {
			isa = XCConfigurationList;
			buildConfigurations = (
				00E356F61AD99517003FC87E /* Debug */,
				00E356F71AD99517003FC87E /* Release */,
			);
			defaultConfigurationIsVisible = 0;
			defaultConfigurationName = Release;
		};
		13B07F931A680F5B00A75B9A /* Build configuration list for PBXNativeTarget "AmazonIVSProject" */ = {
			isa = XCConfigurationList;
			buildConfigurations = (
				13B07F941A680F5B00A75B9A /* Debug */,
				13B07F951A680F5B00A75B9A /* Release */,
			);
			defaultConfigurationIsVisible = 0;
			defaultConfigurationName = Release;
		};
		83CBB9FA1A601CBA00E9B192 /* Build configuration list for PBXProject "AmazonIVSProject" */ = {
			isa = XCConfigurationList;
			buildConfigurations = (
				83CBBA201A601CBA00E9B192 /* Debug */,
				83CBBA211A601CBA00E9B192 /* Release */,
			);
			defaultConfigurationIsVisible = 0;
			defaultConfigurationName = Release;
		};
/* End XCConfigurationList section */
	};
	rootObject = 83CBB9F71A601CBA00E9B192 /* Project object */;
}
